
Microsoft Visual Studio Solution File, Format Version 12.00
# Visual Studio Version 17
VisualStudioVersion = 17.0.31903.59
MinimumVisualStudioVersion = 10.0.40219.1
Project("{FAE04EC0-301F-11D3-BF4B-00C04F79EFBC}") = "WaBiBaBuSy.Models", "WaBiBaBuSy.Models\WaBiBaBuSy.Models.csproj", "{6FE83540-D76C-4374-8BA2-B763A3EB0A93}"
EndProject
Project("{FAE04EC0-301F-11D3-BF4B-00C04F79EFBC}") = "WaBiBaBuSy.Grpc", "WaBiBaBuSy.Grpc\WaBiBaBuSy.Grpc.csproj", "{08AE34DF-83B3-479C-8075-A73D89E6562C}"
EndProject
Project("{FAE04EC0-301F-11D3-BF4B-00C04F79EFBC}") = "WaBiBaBuSy.Core", "WaBiBaBuSy.Core\WaBiBaBuSy.Core.csproj", "{791D8946-2FA7-473C-A2EB-F1DE44A237CF}"
EndProject
Project("{FAE04EC0-301F-11D3-BF4B-00C04F79EFBC}") = "WaBiBaBuSy.WallpaperEngine", "WaBiBaBuSy.WallpaperEngine\WaBiBaBuSy.WallpaperEngine.csproj", "{B0834791-FF01-4E30-8178-595A3F4C65DC}"
EndProject
Project("{FAE04EC0-301F-11D3-BF4B-00C04F79EFBC}") = "WaBiBaBuSy.Common", "WaBiBaBuSy.Common\WaBiBaBuSy.Common.csproj", "{78E20749-F061-4F54-998E-7D504CB0A8A9}"
EndProject
Project("{FAE04EC0-301F-11D3-BF4B-00C04F79EFBC}") = "WaBiBaBuSy.UI", "WaBiBaBuSy.UI\WaBiBaBuSy.UI.csproj", "{AC1B8A15-65C6-40BD-9961-5D5FF50CEE90}"
EndProject
Project("{FAE04EC0-301F-11D3-BF4B-00C04F79EFBC}") = "WaBiBaBuSy.Player.Common", "WaBiBaBuSy.Player.Common\WaBiBaBuSy.Player.Common.csproj", "{A04D057C-D0C3-4E1C-AE88-81BDDA209C25}"
EndProject
Project("{FAE04EC0-301F-11D3-BF4B-00C04F79EFBC}") = "WaBiBaBuSy.Updater", "WaBiBaBuSy.Updater\WaBiBaBuSy.Updater.csproj", "{FFCF7AC7-7F10-4609-8FDF-61A61F072724}"
EndProject
Project("{FAE04EC0-301F-11D3-BF4B-00C04F79EFBC}") = "WaBiBaBuSy.D2DTest", "WaBiBaBuSy.D2DTest\WaBiBaBuSy.D2DTest.csproj", "{C2B86EED-558E-48FB-8F42-712C828DD7B5}"
EndProject
Project("{FAE04EC0-301F-11D3-BF4B-00C04F79EFBC}") = "WaBiBaBuSy.Player.D2D", "WaBiBaBuSy.Player.D2D\WaBiBaBuSy.Player.D2D.csproj", "{272AC6E2-0430-4D6A-83E2-30713C83D87F}"
EndProject
Global
	GlobalSection(SolutionConfigurationPlatforms) = preSolution
		Debug|Any CPU = Debug|Any CPU
		Debug|x64 = Debug|x64
		Debug|x86 = Debug|x86
		Release|Any CPU = Release|Any CPU
		Release|x64 = Release|x64
		Release|x86 = Release|x86
	EndGlobalSection
	GlobalSection(ProjectConfigurationPlatforms) = postSolution
		{6FE83540-D76C-4374-8BA2-B763A3EB0A93}.Debug|Any CPU.ActiveCfg = Debug|Any CPU
		{6FE83540-D76C-4374-8BA2-B763A3EB0A93}.Debug|Any CPU.Build.0 = Debug|Any CPU
		{6FE83540-D76C-4374-8BA2-B763A3EB0A93}.Debug|x64.ActiveCfg = Debug|Any CPU
		{6FE83540-D76C-4374-8BA2-B763A3EB0A93}.Debug|x64.Build.0 = Debug|Any CPU
		{6FE83540-D76C-4374-8BA2-B763A3EB0A93}.Debug|x86.ActiveCfg = Debug|Any CPU
		{6FE83540-D76C-4374-8BA2-B763A3EB0A93}.Debug|x86.Build.0 = Debug|Any CPU
		{6FE83540-D76C-4374-8BA2-B763A3EB0A93}.Release|Any CPU.ActiveCfg = Release|Any CPU
		{6FE83540-D76C-4374-8BA2-B763A3EB0A93}.Release|Any CPU.Build.0 = Release|Any CPU
		{6FE83540-D76C-4374-8BA2-B763A3EB0A93}.Release|x64.ActiveCfg = Release|Any CPU
		{6FE83540-D76C-4374-8BA2-B763A3EB0A93}.Release|x64.Build.0 = Release|Any CPU
		{6FE83540-D76C-4374-8BA2-B763A3EB0A93}.Release|x86.ActiveCfg = Release|Any CPU
		{6FE83540-D76C-4374-8BA2-B763A3EB0A93}.Release|x86.Build.0 = Release|Any CPU
		{08AE34DF-83B3-479C-8075-A73D89E6562C}.Debug|Any CPU.ActiveCfg = Debug|Any CPU
		{08AE34DF-83B3-479C-8075-A73D89E6562C}.Debug|Any CPU.Build.0 = Debug|Any CPU
		{08AE34DF-83B3-479C-8075-A73D89E6562C}.Debug|x64.ActiveCfg = Debug|Any CPU
		{08AE34DF-83B3-479C-8075-A73D89E6562C}.Debug|x64.Build.0 = Debug|Any CPU
		{08AE34DF-83B3-479C-8075-A73D89E6562C}.Debug|x86.ActiveCfg = Debug|Any CPU
		{08AE34DF-83B3-479C-8075-A73D89E6562C}.Debug|x86.Build.0 = Debug|Any CPU
		{08AE34DF-83B3-479C-8075-A73D89E6562C}.Release|Any CPU.ActiveCfg = Release|Any CPU
		{08AE34DF-83B3-479C-8075-A73D89E6562C}.Release|Any CPU.Build.0 = Release|Any CPU
		{08AE34DF-83B3-479C-8075-A73D89E6562C}.Release|x64.ActiveCfg = Release|Any CPU
		{08AE34DF-83B3-479C-8075-A73D89E6562C}.Release|x64.Build.0 = Release|Any CPU
		{08AE34DF-83B3-479C-8075-A73D89E6562C}.Release|x86.ActiveCfg = Release|Any CPU
		{08AE34DF-83B3-479C-8075-A73D89E6562C}.Release|x86.Build.0 = Release|Any CPU
		{791D8946-2FA7-473C-A2EB-F1DE44A237CF}.Debug|Any CPU.ActiveCfg = Debug|Any CPU
		{791D8946-2FA7-473C-A2EB-F1DE44A237CF}.Debug|Any CPU.Build.0 = Debug|Any CPU
		{791D8946-2FA7-473C-A2EB-F1DE44A237CF}.Debug|x64.ActiveCfg = Debug|Any CPU
		{791D8946-2FA7-473C-A2EB-F1DE44A237CF}.Debug|x64.Build.0 = Debug|Any CPU
		{791D8946-2FA7-473C-A2EB-F1DE44A237CF}.Debug|x86.ActiveCfg = Debug|Any CPU
		{791D8946-2FA7-473C-A2EB-F1DE44A237CF}.Debug|x86.Build.0 = Debug|Any CPU
		{791D8946-2FA7-473C-A2EB-F1DE44A237CF}.Release|Any CPU.ActiveCfg = Release|Any CPU
		{791D8946-2FA7-473C-A2EB-F1DE44A237CF}.Release|Any CPU.Build.0 = Release|Any CPU
		{791D8946-2FA7-473C-A2EB-F1DE44A237CF}.Release|x64.ActiveCfg = Release|Any CPU
		{791D8946-2FA7-473C-A2EB-F1DE44A237CF}.Release|x64.Build.0 = Release|Any CPU
		{791D8946-2FA7-473C-A2EB-F1DE44A237CF}.Release|x86.ActiveCfg = Release|Any CPU
		{791D8946-2FA7-473C-A2EB-F1DE44A237CF}.Release|x86.Build.0 = Release|Any CPU
		{B0834791-FF01-4E30-8178-595A3F4C65DC}.Debug|Any CPU.ActiveCfg = Debug|Any CPU
		{B0834791-FF01-4E30-8178-595A3F4C65DC}.Debug|Any CPU.Build.0 = Debug|Any CPU
		{B0834791-FF01-4E30-8178-595A3F4C65DC}.Debug|x64.ActiveCfg = Debug|Any CPU
		{B0834791-FF01-4E30-8178-595A3F4C65DC}.Debug|x64.Build.0 = Debug|Any CPU
		{B0834791-FF01-4E30-8178-595A3F4C65DC}.Debug|x86.ActiveCfg = Debug|Any CPU
		{B0834791-FF01-4E30-8178-595A3F4C65DC}.Debug|x86.Build.0 = Debug|Any CPU
		{B0834791-FF01-4E30-8178-595A3F4C65DC}.Release|Any CPU.ActiveCfg = Release|Any CPU
		{B0834791-FF01-4E30-8178-595A3F4C65DC}.Release|Any CPU.Build.0 = Release|Any CPU
		{B0834791-FF01-4E30-8178-595A3F4C65DC}.Release|x64.ActiveCfg = Release|Any CPU
		{B0834791-FF01-4E30-8178-595A3F4C65DC}.Release|x64.Build.0 = Release|Any CPU
		{B0834791-FF01-4E30-8178-595A3F4C65DC}.Release|x86.ActiveCfg = Release|Any CPU
		{B0834791-FF01-4E30-8178-595A3F4C65DC}.Release|x86.Build.0 = Release|Any CPU
		{78E20749-F061-4F54-998E-7D504CB0A8A9}.Debug|Any CPU.ActiveCfg = Debug|Any CPU
		{78E20749-F061-4F54-998E-7D504CB0A8A9}.Debug|Any CPU.Build.0 = Debug|Any CPU
		{78E20749-F061-4F54-998E-7D504CB0A8A9}.Debug|x64.ActiveCfg = Debug|Any CPU
		{78E20749-F061-4F54-998E-7D504CB0A8A9}.Debug|x64.Build.0 = Debug|Any CPU
		{78E20749-F061-4F54-998E-7D504CB0A8A9}.Debug|x86.ActiveCfg = Debug|Any CPU
		{78E20749-F061-4F54-998E-7D504CB0A8A9}.Debug|x86.Build.0 = Debug|Any CPU
		{78E20749-F061-4F54-998E-7D504CB0A8A9}.Release|Any CPU.ActiveCfg = Release|Any CPU
		{78E20749-F061-4F54-998E-7D504CB0A8A9}.Release|Any CPU.Build.0 = Release|Any CPU
		{78E20749-F061-4F54-998E-7D504CB0A8A9}.Release|x64.ActiveCfg = Release|Any CPU
		{78E20749-F061-4F54-998E-7D504CB0A8A9}.Release|x64.Build.0 = Release|Any CPU
		{78E20749-F061-4F54-998E-7D504CB0A8A9}.Release|x86.ActiveCfg = Release|Any CPU
		{78E20749-F061-4F54-998E-7D504CB0A8A9}.Release|x86.Build.0 = Release|Any CPU
		{AC1B8A15-65C6-40BD-9961-5D5FF50CEE90}.Debug|Any CPU.ActiveCfg = Debug|Any CPU
		{AC1B8A15-65C6-40BD-9961-5D5FF50CEE90}.Debug|Any CPU.Build.0 = Debug|Any CPU
		{AC1B8A15-65C6-40BD-9961-5D5FF50CEE90}.Debug|x64.ActiveCfg = Debug|Any CPU
		{AC1B8A15-65C6-40BD-9961-5D5FF50CEE90}.Debug|x64.Build.0 = Debug|Any CPU
		{AC1B8A15-65C6-40BD-9961-5D5FF50CEE90}.Debug|x86.ActiveCfg = Debug|Any CPU
		{AC1B8A15-65C6-40BD-9961-5D5FF50CEE90}.Debug|x86.Build.0 = Debug|Any CPU
		{AC1B8A15-65C6-40BD-9961-5D5FF50CEE90}.Release|Any CPU.ActiveCfg = Release|Any CPU
		{AC1B8A15-65C6-40BD-9961-5D5FF50CEE90}.Release|Any CPU.Build.0 = Release|Any CPU
		{AC1B8A15-65C6-40BD-9961-5D5FF50CEE90}.Release|x64.ActiveCfg = Release|Any CPU
		{AC1B8A15-65C6-40BD-9961-5D5FF50CEE90}.Release|x64.Build.0 = Release|Any CPU
		{AC1B8A15-65C6-40BD-9961-5D5FF50CEE90}.Release|x86.ActiveCfg = Release|Any CPU
		{AC1B8A15-65C6-40BD-9961-5D5FF50CEE90}.Release|x86.Build.0 = Release|Any CPU
		{A04D057C-D0C3-4E1C-AE88-81BDDA209C25}.Debug|Any CPU.ActiveCfg = Debug|Any CPU
		{A04D057C-D0C3-4E1C-AE88-81BDDA209C25}.Debug|Any CPU.Build.0 = Debug|Any CPU
		{A04D057C-D0C3-4E1C-AE88-81BDDA209C25}.Debug|x64.ActiveCfg = Debug|Any CPU
		{A04D057C-D0C3-4E1C-AE88-81BDDA209C25}.Debug|x64.Build.0 = Debug|Any CPU
		{A04D057C-D0C3-4E1C-AE88-81BDDA209C25}.Debug|x86.ActiveCfg = Debug|Any CPU
		{A04D057C-D0C3-4E1C-AE88-81BDDA209C25}.Debug|x86.Build.0 = Debug|Any CPU
		{A04D057C-D0C3-4E1C-AE88-81BDDA209C25}.Release|Any CPU.ActiveCfg = Release|Any CPU
		{A04D057C-D0C3-4E1C-AE88-81BDDA209C25}.Release|Any CPU.Build.0 = Release|Any CPU
		{A04D057C-D0C3-4E1C-AE88-81BDDA209C25}.Release|x64.ActiveCfg = Release|Any CPU
		{A04D057C-D0C3-4E1C-AE88-81BDDA209C25}.Release|x64.Build.0 = Release|Any CPU
		{A04D057C-D0C3-4E1C-AE88-81BDDA209C25}.Release|x86.ActiveCfg = Release|Any CPU
		{A04D057C-D0C3-4E1C-AE88-81BDDA209C25}.Release|x86.Build.0 = Release|Any CPU
		{FFCF7AC7-7F10-4609-8FDF-61A61F072724}.Debug|Any CPU.ActiveCfg = Debug|Any CPU
		{FFCF7AC7-7F10-4609-8FDF-61A61F072724}.Debug|Any CPU.Build.0 = Debug|Any CPU
		{FFCF7AC7-7F10-4609-8FDF-61A61F072724}.Debug|x64.ActiveCfg = Debug|Any CPU
		{FFCF7AC7-7F10-4609-8FDF-61A61F072724}.Debug|x64.Build.0 = Debug|Any CPU
		{FFCF7AC7-7F10-4609-8FDF-61A61F072724}.Debug|x86.ActiveCfg = Debug|Any CPU
		{FFCF7AC7-7F10-4609-8FDF-61A61F072724}.Debug|x86.Build.0 = Debug|Any CPU
		{FFCF7AC7-7F10-4609-8FDF-61A61F072724}.Release|Any CPU.ActiveCfg = Release|Any CPU
		{FFCF7AC7-7F10-4609-8FDF-61A61F072724}.Release|Any CPU.Build.0 = Release|Any CPU
		{FFCF7AC7-7F10-4609-8FDF-61A61F072724}.Release|x64.ActiveCfg = Release|Any CPU
		{FFCF7AC7-7F10-4609-8FDF-61A61F072724}.Release|x64.Build.0 = Release|Any CPU
		{FFCF7AC7-7F10-4609-8FDF-61A61F072724}.Release|x86.ActiveCfg = Release|Any CPU
		{FFCF7AC7-7F10-4609-8FDF-61A61F072724}.Release|x86.Build.0 = Release|Any CPU
		{C2B86EED-558E-48FB-8F42-712C828DD7B5}.Debug|Any CPU.ActiveCfg = Debug|Any CPU
		{C2B86EED-558E-48FB-8F42-712C828DD7B5}.Debug|Any CPU.Build.0 = Debug|Any CPU
		{C2B86EED-558E-48FB-8F42-712C828DD7B5}.Debug|x64.ActiveCfg = Debug|Any CPU
		{C2B86EED-558E-48FB-8F42-712C828DD7B5}.Debug|x64.Build.0 = Debug|Any CPU
		{C2B86EED-558E-48FB-8F42-712C828DD7B5}.Debug|x86.ActiveCfg = Debug|Any CPU
		{C2B86EED-558E-48FB-8F42-712C828DD7B5}.Debug|x86.Build.0 = Debug|Any CPU
		{C2B86EED-558E-48FB-8F42-712C828DD7B5}.Release|Any CPU.ActiveCfg = Release|Any CPU
		{C2B86EED-558E-48FB-8F42-712C828DD7B5}.Release|Any CPU.Build.0 = Release|Any CPU
		{C2B86EED-558E-48FB-8F42-712C828DD7B5}.Release|x64.ActiveCfg = Release|Any CPU
		{C2B86EED-558E-48FB-8F42-712C828DD7B5}.Release|x64.Build.0 = Release|Any CPU
		{C2B86EED-558E-48FB-8F42-712C828DD7B5}.Release|x86.ActiveCfg = Release|Any CPU
		{C2B86EED-558E-48FB-8F42-712C828DD7B5}.Release|x86.Build.0 = Release|Any CPU
		{272AC6E2-0430-4D6A-83E2-30713C83D87F}.Debug|Any CPU.ActiveCfg = Debug|Any CPU
		{272AC6E2-0430-4D6A-83E2-30713C83D87F}.Debug|Any CPU.Build.0 = Debug|Any CPU
		{272AC6E2-0430-4D6A-83E2-30713C83D87F}.Debug|x64.ActiveCfg = Debug|Any CPU
		{272AC6E2-0430-4D6A-83E2-30713C83D87F}.Debug|x64.Build.0 = Debug|Any CPU
		{272AC6E2-0430-4D6A-83E2-30713C83D87F}.Debug|x86.ActiveCfg = Debug|Any CPU
		{272AC6E2-0430-4D6A-83E2-30713C83D87F}.Debug|x86.Build.0 = Debug|Any CPU
		{272AC6E2-0430-4D6A-83E2-30713C83D87F}.Release|Any CPU.ActiveCfg = Release|Any CPU
		{272AC6E2-0430-4D6A-83E2-30713C83D87F}.Release|Any CPU.Build.0 = Release|Any CPU
		{272AC6E2-0430-4D6A-83E2-30713C83D87F}.Release|x64.ActiveCfg = Release|Any CPU
		{272AC6E2-0430-4D6A-83E2-30713C83D87F}.Release|x64.Build.0 = Release|Any CPU
		{272AC6E2-0430-4D6A-83E2-30713C83D87F}.Release|x86.ActiveCfg = Release|Any CPU
		{272AC6E2-0430-4D6A-83E2-30713C83D87F}.Release|x86.Build.0 = Release|Any CPU
	EndGlobalSection
	GlobalSection(SolutionProperties) = preSolution
		HideSolutionNode = FALSE
	EndGlobalSection
	GlobalSection(ExtensibilityGlobals) = postSolution
		SolutionGuid = {8A82E4E5-9034-4BA5-8465-30F0CC30D58E}
	EndGlobalSection
EndGlobal
